
Microsoft Visual Studio Solution File, Format Version 12.00
# Visual Studio Version 17
VisualStudioVersion = 17.14.36603.0 d17.14
MinimumVisualStudioVersion = 10.0.40219.1
Project("{FAE04EC0-301F-11D3-BF4B-00C04F79EFBC}") = "TaskManagementSystem", "TaskManagementSystem\TaskManagementSystem.csproj", "{0C85137A-E54C-4518-AAFA-C299F0A753AB}"
EndProject
Global
	GlobalSection(SolutionConfigurationPlatforms) = preSolution
		Debug|Any CPU = Debug|Any CPU
		Release|Any CPU = Release|Any CPU
	EndGlobalSection
	GlobalSection(ProjectConfigurationPlatforms) = postSolution
		{0C85137A-E54C-4518-AAFA-C299F0A753AB}.Debug|Any CPU.ActiveCfg = Debug|Any CPU
		{0C85137A-E54C-4518-AAFA-C299F0A753AB}.Debug|Any CPU.Build.0 = Debug|Any CPU
		{0C85137A-E54C-4518-AAFA-C299F0A753AB}.Release|Any CPU.ActiveCfg = Release|Any CPU
		{0C85137A-E54C-4518-AAFA-C299F0A753AB}.Release|Any CPU.Build.0 = Release|Any CPU
	EndGlobalSection
	GlobalSection(SolutionProperties) = preSolution
		HideSolutionNode = FALSE
	EndGlobalSection
	GlobalSection(ExtensibilityGlobals) = postSolution
		SolutionGuid = {325AF015-1DE0-428F-9519-2D0E3EAB4D18}
	EndGlobalSection
EndGlobal
